<?xml version="1.0" encoding="utf-8"?>
<Project ToolsVersion="4.0" xmlns="http://schemas.microsoft.com/developer/msbuild/2003">
  <ItemGroup>
    <ClCompile Include="sqlite3.c">
      <Filter>External Libs</Filter>
    </ClCompile>
    <ClCompile Include="MyException.hpp">
      <Filter>Excepsions</Filter>
    </ClCompile>
    <ClCompile Include="SqliteDatabase.cpp">
      <Filter>DatabaseAccess</Filter>
    </ClCompile>
    <ClCompile Include="ApiClient.cpp">
      <Filter>Services</Filter>
    </ClCompile>
    <ClCompile Include="EmailSender.cpp">
      <Filter>Services</Filter>
    </ClCompile>
    <ClCompile Include="Communicator.cpp" />
    <ClCompile Include="WSAInitializer.cpp">
      <Filter>Services</Filter>
    </ClCompile>
    <ClCompile Include="SocketService.cpp">
      <Filter>Services</Filter>
    </ClCompile>
    <ClCompile Include="Server.cpp" />
    <ClCompile Include="StatisticsManager.cpp">
      <Filter>Managers</Filter>
    </ClCompile>
    <ClCompile Include="MenuRequestHandler.cpp">
      <Filter>RequestHandlers</Filter>
    </ClCompile>
    <ClCompile Include="LoginRequestHandler.cpp">
      <Filter>RequestHandlers</Filter>
    </ClCompile>
    <ClCompile Include="LoginManager.cpp">
      <Filter>Managers</Filter>
    </ClCompile>
    <ClCompile Include="RegexValidator.cpp">
      <Filter>Services</Filter>
    </ClCompile>
    <ClCompile Include="RoomManager.cpp">
      <Filter>Managers</Filter>
    </ClCompile>
    <ClCompile Include="RequestHandlerFactory.cpp">
      <Filter>RequestHandlers</Filter>
    </ClCompile>
    <ClCompile Include="Room.cpp" />
    <ClCompile Include="main.cpp" />
    <ClCompile Include="JsonRequestPacketDeserializer.hpp">
      <Filter>Services</Filter>
    </ClCompile>
    <ClCompile Include="RequestResult.cpp">
      <Filter>Model</Filter>
    </ClCompile>
    <ClCompile Include="Question.cpp">
      <Filter>Model</Filter>
    </ClCompile>
    <ClCompile Include="PersonalStatistics.cpp">
      <Filter>Model</Filter>
    </ClCompile>
    <ClCompile Include="LoggedUser.cpp">
      <Filter>Model</Filter>
    </ClCompile>
    <ClCompile Include="CreateRoomResponse.cpp">
      <Filter>Model\Responses</Filter>
    </ClCompile>
    <ClCompile Include="SignupResponseErrors.cpp">
      <Filter>Model\ResponseErrors</Filter>
    </ClCompile>
    <ClCompile Include="GetHighScoreResponse.cpp">
      <Filter>Model\Responses</Filter>
    </ClCompile>
    <ClCompile Include="GetPersonalStatisticsResponse.cpp">
      <Filter>Model\Responses</Filter>
    </ClCompile>
    <ClCompile Include="GetPlayersInRoomResponse.cpp">
      <Filter>Model\Responses</Filter>
    </ClCompile>
    <ClCompile Include="GetRoomsResponse.cpp">
      <Filter>Model\Responses</Filter>
    </ClCompile>
    <ClCompile Include="ServerErrorResponse.cpp">
      <Filter>Model\Responses</Filter>
    </ClCompile>
    <ClCompile Include="ResetPasswordResponseErrors.cpp">
      <Filter>Model\ResponseErrors</Filter>
    </ClCompile>
    <ClCompile Include="PasswordCodeResponseErrors.cpp">
      <Filter>Model\ResponseErrors</Filter>
    </ClCompile>
    <ClCompile Include="LoginResponseErrors.cpp">
      <Filter>Model\ResponseErrors</Filter>
    </ClCompile>
    <ClCompile Include="SignupRequest.cpp">
      <Filter>Model\Requests</Filter>
    </ClCompile>
    <ClCompile Include="SendPasswordResetCodeRequest.cpp">
      <Filter>Model\Requests</Filter>
    </ClCompile>
    <ClCompile Include="ResetPasswordRequest.cpp">
      <Filter>Model\Requests</Filter>
    </ClCompile>
    <ClCompile Include="LoginRequest.cpp">
      <Filter>Model\Requests</Filter>
    </ClCompile>
    <ClCompile Include="JoinRoomRequest.cpp">
      <Filter>Model\Requests</Filter>
    </ClCompile>
    <ClCompile Include="GetPlayersInRoomRequest.cpp">
      <Filter>Model\Requests</Filter>
    </ClCompile>
    <ClCompile Include="GetHighScoreRequest.cpp">
      <Filter>Model\Requests</Filter>
    </ClCompile>
    <ClCompile Include="CreateRoomRequest.cpp">
      <Filter>Model\Requests</Filter>
    </ClCompile>
    <ClCompile Include="CreateRoomResponseErrors.cpp">
      <Filter>Model\ResponseErrors</Filter>
    </ClCompile>
    <ClCompile Include="VerifyPasswordResetCodeRequest.cpp">
      <Filter>Model\Requests</Filter>
    </ClCompile>
    <ClCompile Include="VerifyPasswordResetCodeResponse.cpp">
      <Filter>Model\Responses</Filter>
    </ClCompile>
    <ClCompile Include="RequestInfo.cpp">
      <Filter>Model</Filter>
    </ClCompile>
    <ClCompile Include="GeneralResponseErrors.cpp">
      <Filter>Model\ResponseErrors</Filter>
    </ClCompile>
    <ClCompile Include="GetGameResultsResponse.cpp">
      <Filter>Model\Responses</Filter>
    </ClCompile>
    <ClCompile Include="GetRoomStateResponse.cpp">
      <Filter>Model\Responses</Filter>
    </ClCompile>
    <ClCompile Include="Game.cpp" />
    <ClCompile Include="GetRoomStateResponse.cpp" />
    <ClCompile Include="SubmitAnswerRequest.cpp">
      <Filter>Model\Requests</Filter>
    </ClCompile>
    <ClCompile Include="GameRequestHandler.cpp">
      <Filter>RequestHandlers</Filter>
    </ClCompile>
    <ClCompile Include="RoomAdminRequestHandler.cpp">
      <Filter>RequestHandlers</Filter>
    </ClCompile>
    <ClCompile Include="RoomRequestHandler.cpp">
      <Filter>RequestHandlers</Filter>
    </ClCompile>
    <ClCompile Include="GetQuestionResponse.cpp">
      <Filter>Model\Responses</Filter>
    </ClCompile>
    <ClCompile Include="SubmitAnswerResponse.cpp">
      <Filter>Model\Responses</Filter>
    </ClCompile>
    <ClCompile Include="GameManager.cpp">
      <Filter>Managers</Filter>
    </ClCompile>
    <ClCompile Include="RoomAdminRequestHandler.cpp">
      <Filter>RequestHandlers</Filter>
    </ClCompile>
    <ClCompile Include="RoomMemberRequestHandler.cpp">
      <Filter>RequestHandlers</Filter>
    </ClCompile>
    <ClCompile Include="RoomRequestHandler.cpp">
      <Filter>RequestHandlers</Filter>
    </ClCompile>
    <ClCompile Include="GetGameStateResponse.cpp" />
  </ItemGroup>
  <ItemGroup>
    <ClInclude Include="CreateRoomResponseErrors.hpp">
      <Filter>Model\ResponseErrors</Filter>
    </ClInclude>
    <ClInclude Include="CreateRoomRequest.hpp">
      <Filter>Model\Requests</Filter>
    </ClInclude>
    <ClInclude Include="CreateRoomResponse.hpp">
      <Filter>Model\Responses</Filter>
    </ClInclude>
    <ClInclude Include="GetHighScoreResponse.hpp">
      <Filter>Model\Responses</Filter>
    </ClInclude>
    <ClInclude Include="GetPersonalStatisticsResponse.hpp">
      <Filter>Model\Responses</Filter>
    </ClInclude>
    <ClInclude Include="GetPlayersInRoomResponse.hpp">
      <Filter>Model\Responses</Filter>
    </ClInclude>
    <ClInclude Include="GetRoomsResponse.hpp">
      <Filter>Model\Responses</Filter>
    </ClInclude>
    <ClInclude Include="Response.hpp">
      <Filter>Model\Responses</Filter>
    </ClInclude>
    <ClInclude Include="ServerErrorResponse.hpp">
      <Filter>Model\Responses</Filter>
    </ClInclude>
    <ClInclude Include="SignupRequest.hpp">
      <Filter>Model\Requests</Filter>
    </ClInclude>
    <ClInclude Include="GetHighScoreRequest.hpp">
      <Filter>Model\Requests</Filter>
    </ClInclude>
    <ClInclude Include="GetPlayersInRoomRequest.hpp">
      <Filter>Model\Requests</Filter>
    </ClInclude>
    <ClInclude Include="JoinRoomRequest.hpp">
      <Filter>Model\Requests</Filter>
    </ClInclude>
    <ClInclude Include="LoginRequest.hpp">
      <Filter>Model\Requests</Filter>
    </ClInclude>
    <ClInclude Include="PersonalStatisticsRequest.hpp">
      <Filter>Model\Requests</Filter>
    </ClInclude>
    <ClInclude Include="ResetPasswordRequest.hpp">
      <Filter>Model\Requests</Filter>
    </ClInclude>
    <ClInclude Include="SendPasswordResetCodeRequest.hpp">
      <Filter>Model\Requests</Filter>
    </ClInclude>
    <ClInclude Include="SignupResponseErrors.hpp">
      <Filter>Model\ResponseErrors</Filter>
    </ClInclude>
    <ClInclude Include="IResponseErrors.hpp">
      <Filter>Model\ResponseErrors</Filter>
    </ClInclude>
    <ClInclude Include="LoginResponseErrors.hpp">
      <Filter>Model\ResponseErrors</Filter>
    </ClInclude>
    <ClInclude Include="PasswordCodeResponseErrors.hpp">
      <Filter>Model\ResponseErrors</Filter>
    </ClInclude>
    <ClInclude Include="ResetPasswordResponseErrors.hpp">
      <Filter>Model\ResponseErrors</Filter>
    </ClInclude>
    <ClInclude Include="ApiClient.hpp">
      <Filter>Services</Filter>
    </ClInclude>
    <ClInclude Include="EmailSender.hpp">
      <Filter>Services</Filter>
    </ClInclude>
    <ClInclude Include="HighScoreInfo.hpp">
      <Filter>Model</Filter>
    </ClInclude>
    <ClInclude Include="IDatabase.hpp">
      <Filter>DatabaseAccess</Filter>
    </ClInclude>
    <ClInclude Include="json.hpp">
      <Filter>External Libs</Filter>
    </ClInclude>
    <ClInclude Include="sqlite3.h">
      <Filter>External Libs</Filter>
    </ClInclude>
    <ClInclude Include="JsonResponsePacketSerializer.hpp">
      <Filter>Services</Filter>
    </ClInclude>
    <ClInclude Include="IRequestHandler.hpp">
      <Filter>RequestHandlers</Filter>
    </ClInclude>
    <ClInclude Include="LoggedUser.hpp">
      <Filter>Model</Filter>
    </ClInclude>
    <ClInclude Include="LoginManager.hpp">
      <Filter>Managers</Filter>
    </ClInclude>
    <ClInclude Include="LoginRequestHandler.hpp">
      <Filter>RequestHandlers</Filter>
    </ClInclude>
    <ClInclude Include="MenuRequestHandler.hpp">
      <Filter>RequestHandlers</Filter>
    </ClInclude>
    <ClInclude Include="PersonalStatistics.hpp">
      <Filter>Model</Filter>
    </ClInclude>
    <ClInclude Include="Question.hpp">
      <Filter>Model</Filter>
    </ClInclude>
    <ClInclude Include="RegexValidator.hpp">
      <Filter>Services</Filter>
    </ClInclude>
    <ClInclude Include="RequestHandlerFactory.hpp">
      <Filter>RequestHandlers</Filter>
    </ClInclude>
    <ClInclude Include="RequestInfo.hpp">
      <Filter>Model</Filter>
    </ClInclude>
    <ClInclude Include="RequestResult.hpp">
      <Filter>Model</Filter>
    </ClInclude>
    <ClInclude Include="RequestsCodes.hpp">
      <Filter>Model\Requests</Filter>
    </ClInclude>
    <ClInclude Include="RoomData.hpp">
      <Filter>Model</Filter>
    </ClInclude>
    <ClInclude Include="RoomManager.hpp">
      <Filter>Managers</Filter>
    </ClInclude>
    <ClInclude Include="SocketService.hpp">
      <Filter>Services</Filter>
    </ClInclude>
    <ClInclude Include="SqliteDatabase.hpp">
      <Filter>DatabaseAccess</Filter>
    </ClInclude>
    <ClInclude Include="StatisticsManager.hpp">
      <Filter>Managers</Filter>
    </ClInclude>
    <ClInclude Include="UserRecord.hpp">
      <Filter>Model</Filter>
    </ClInclude>
    <ClInclude Include="WSAInitializer.hpp">
      <Filter>Services</Filter>
    </ClInclude>
    <ClInclude Include="RoomPreview.hpp">
      <Filter>Model</Filter>
    </ClInclude>
    <ClInclude Include="Communicator.hpp" />
    <ClInclude Include="Room.hpp" />
    <ClInclude Include="Server.hpp" />
    <ClInclude Include="VerifyPasswordResetCodeRequest.hpp">
      <Filter>Model\Requests</Filter>
    </ClInclude>
    <ClInclude Include="VerifyPasswordResetCodeResponse.hpp">
      <Filter>Model\Responses</Filter>
    </ClInclude>
    <ClInclude Include="GetRoomStateResponse.hpp">
      <Filter>Model\Responses</Filter>
    </ClInclude>
    <ClInclude Include="GeneralResponseErrors.hpp">
      <Filter>Model\ResponseErrors</Filter>
    </ClInclude>
    <ClInclude Include="GetGameResultsResponse.hpp">
      <Filter>Model\Responses</Filter>
    </ClInclude>
    <ClInclude Include="RoomState.hpp">
      <Filter>Model</Filter>
    </ClInclude>
    <ClInclude Include="Game.hpp" />
    <ClInclude Include="GameManager.hpp">
      <Filter>Managers</Filter>
    </ClInclude>
    <ClInclude Include="SubmitAnswerRequest.hpp">
      <Filter>Model\Requests</Filter>
    </ClInclude>
    <ClInclude Include="GameRequestHandler.hpp">
      <Filter>RequestHandlers</Filter>
    </ClInclude>
    <ClInclude Include="RoomAdminRequestHandler.hpp">
      <Filter>RequestHandlers</Filter>
    </ClInclude>
    <ClInclude Include="RoomRequestHandler.hpp">
      <Filter>RequestHandlers</Filter>
    </ClInclude>
    <ClInclude Include="RoomState.hpp">
      <Filter>Model</Filter>
    </ClInclude>
    <ClInclude Include="GameRequestHandler.hpp">
      <Filter>Model\ResponseErrors\RequestHandlers</Filter>
    </ClInclude>
    <ClInclude Include="RoomStatus.h">
      <Filter>enums</Filter>
    </ClInclude>
    <ClInclude Include="QuestionDificultyLevel.h">
      <Filter>enums</Filter>
    </ClInclude>
    <ClInclude Include="GetQuestionResponse.hpp">
      <Filter>Model\Responses</Filter>
    </ClInclude>
    <ClInclude Include="SubmitAnswerResponse.hpp">
      <Filter>Model\Responses</Filter>
    </ClInclude>
    <ClInclude Include="RoomAdminRequestHandler.hpp">
      <Filter>RequestHandlers</Filter>
    </ClInclude>
    <ClInclude Include="RoomMemberRequestHandler.hpp">
      <Filter>RequestHandlers</Filter>
    </ClInclude>
    <ClInclude Include="RoomRequestHandler.hpp">
      <Filter>RequestHandlers</Filter>
    </ClInclude>
    <ClInclude Include="RoomState.hpp">
      <Filter>Model</Filter>
    </ClInclude>
    <ClInclude Include="RoomAdminRequestHandler.hpp" />
    <ClInclude Include="RoomMemberRequestHandler.hpp" />
    <ClInclude Include="RoomRequestHandler.hpp" />
    <ClInclude Include="PlayerGameData.hpp">
      <Filter>Model</Filter>
    </ClInclude>
    <ClInclude Include="GameStatus.hpp" />
    <ClInclude Include="GetGameStateResponse.hpp">
      <Filter>Model\Responses</Filter>
    </ClInclude>
  </ItemGroup>
  <ItemGroup>
    <Filter Include="External Libs">
      <UniqueIdentifier>{1ada2154-008d-4f77-9744-5c9aa0b94441}</UniqueIdentifier>
    </Filter>
    <Filter Include="DatabaseAccess">
      <UniqueIdentifier>{23da2af8-8518-473b-9ffc-f5151e953755}</UniqueIdentifier>
    </Filter>
    <Filter Include="Excepsions">
      <UniqueIdentifier>{83df23dc-ee8d-4eb9-aa7a-40c01ec322fb}</UniqueIdentifier>
    </Filter>
    <Filter Include="Managers">
      <UniqueIdentifier>{d7392b13-1b24-48af-be8b-48768a63e503}</UniqueIdentifier>
    </Filter>
    <Filter Include="Model">
      <UniqueIdentifier>{c1933ba4-65ab-4b53-8015-ecdb6342d910}</UniqueIdentifier>
    </Filter>
    <Filter Include="Model\Requests">
      <UniqueIdentifier>{3320da5e-def5-4b67-9876-d7c2b62b2663}</UniqueIdentifier>
    </Filter>
    <Filter Include="Model\Responses">
      <UniqueIdentifier>{bb1eb810-7ee3-4e1d-95de-87ee1ad8225a}</UniqueIdentifier>
    </Filter>
    <Filter Include="Model\ResponseErrors">
      <UniqueIdentifier>{cb0481a9-b1ce-4db6-adb3-cbbfb0341f80}</UniqueIdentifier>
    </Filter>
    <Filter Include="RequestHandlers">
      <UniqueIdentifier>{f91c3d20-cb87-41e9-9637-402d8a20c9eb}</UniqueIdentifier>
    </Filter>
    <Filter Include="Services">
      <UniqueIdentifier>{c1f6983e-b397-4c17-a9cd-3472a93aaa76}</UniqueIdentifier>
    </Filter>
    <Filter Include="enums">
      <UniqueIdentifier>{f81da6dc-a234-4e62-9d09-a94f70aa02bd}</UniqueIdentifier>
    </Filter>
  </ItemGroup>
</Project>