<?xml version="1.0" encoding="utf-8"?>
<Project ToolsVersion="4.0" xmlns="http://schemas.microsoft.com/developer/msbuild/2003">
  <ItemGroup>
    <ClCompile Include="MyException.h">
      <Filter>Headers\Exceptions</Filter>
    </ClCompile>
    <ClCompile Include="ApiClient.cpp">
      <Filter>Source</Filter>
    </ClCompile>
    <ClCompile Include="Communicator.cpp">
      <Filter>Source</Filter>
    </ClCompile>
    <ClCompile Include="Helper.cpp">
      <Filter>Source</Filter>
    </ClCompile>
    <ClCompile Include="LoginManager.cpp">
      <Filter>Source</Filter>
    </ClCompile>
    <ClCompile Include="LoginRequestHandler.cpp">
      <Filter>Source</Filter>
    </ClCompile>
    <ClCompile Include="main.cpp">
      <Filter>Source</Filter>
    </ClCompile>
    <ClCompile Include="RequestHandlerFactory.cpp">
      <Filter>Source</Filter>
    </ClCompile>
    <ClCompile Include="Room.cpp">
      <Filter>Source</Filter>
    </ClCompile>
    <ClCompile Include="RoomManager.cpp">
      <Filter>Source</Filter>
    </ClCompile>
    <ClCompile Include="Server.cpp">
      <Filter>Source</Filter>
    </ClCompile>
    <ClCompile Include="sqlite3.c">
      <Filter>Source</Filter>
    </ClCompile>
    <ClCompile Include="SqliteDatabase.cpp">
      <Filter>Source</Filter>
    </ClCompile>
    <ClCompile Include="StatisticsManager.cpp">
      <Filter>Source</Filter>
    </ClCompile>
    <ClCompile Include="WSAInitializer.cpp">
      <Filter>Source</Filter>
    </ClCompile>
    <ClCompile Include="SendEmailCodeResponseStatus.h">
      <Filter>Headers\enum</Filter>
    </ClCompile>
    <ClCompile Include="RegexValidator.cpp">
      <Filter>Source</Filter>
    </ClCompile>
    <ClCompile Include="MenuRequestHandler.cpp">
      <Filter>Source</Filter>
    </ClCompile>
  </ItemGroup>
  <ItemGroup>
    <ClInclude Include="CreateRoomRequest.hpp">
      <Filter>Headers\Requests</Filter>
    </ClInclude>
    <ClInclude Include="GetHighScoreResponse.hpp">
      <Filter>Headers\Responses</Filter>
    </ClInclude>
    <ClInclude Include="GetPersonalStatisticsResponse.hpp">
      <Filter>Headers\Responses</Filter>
    </ClInclude>
    <ClInclude Include="GetRoomsResponse.hpp">
      <Filter>Headers\Responses</Filter>
    </ClInclude>
    <ClInclude Include="JoinRoomRequest.hpp">
      <Filter>Headers\Requests</Filter>
    </ClInclude>
    <ClInclude Include="Response.hpp">
      <Filter>Headers\Responses</Filter>
    </ClInclude>
    <ClInclude Include="LoginRequest.hpp">
      <Filter>Headers\Requests</Filter>
    </ClInclude>
    <ClInclude Include="RequestsCodes.hpp">
      <Filter>Headers\Requests</Filter>
    </ClInclude>
    <ClInclude Include="SignupRequest.hpp">
      <Filter>Headers\Requests</Filter>
    </ClInclude>
    <ClInclude Include="ApiClient.h">
      <Filter>Headers</Filter>
    </ClInclude>
    <ClInclude Include="Communicator.h">
      <Filter>Headers</Filter>
    </ClInclude>
    <ClInclude Include="Helper.h">
      <Filter>Headers</Filter>
    </ClInclude>
    <ClInclude Include="HighScoreInfo.hpp">
      <Filter>Headers</Filter>
    </ClInclude>
    <ClInclude Include="PersonalStatistics.hpp">
      <Filter>Headers</Filter>
    </ClInclude>
    <ClInclude Include="Room.h">
      <Filter>Headers</Filter>
    </ClInclude>
    <ClInclude Include="RequestInfo.hpp">
      <Filter>Headers</Filter>
    </ClInclude>
    <ClInclude Include="RequestResult.hpp">
      <Filter>Headers</Filter>
    </ClInclude>
    <ClInclude Include="Server.h">
      <Filter>Headers</Filter>
    </ClInclude>
    <ClInclude Include="WSAInitializer.h">
      <Filter>Headers</Filter>
    </ClInclude>
    <ClInclude Include="ServerErrorResponse.hpp">
      <Filter>Headers\Responses</Filter>
    </ClInclude>
    <ClInclude Include="LoginRequestHandler.h">
      <Filter>Headers\RequestHandlers</Filter>
    </ClInclude>
    <ClInclude Include="RequestHandlerFactory.h">
      <Filter>Headers\RequestHandlers</Filter>
    </ClInclude>
    <ClInclude Include="IRequestHandler.h">
      <Filter>Headers\RequestHandlers</Filter>
    </ClInclude>
    <ClInclude Include="SqliteDatabase.h">
      <Filter>Headers\Database</Filter>
    </ClInclude>
    <ClInclude Include="IDatabase.h">
      <Filter>Headers\Database</Filter>
    </ClInclude>
    <ClInclude Include="sqlite3.h">
      <Filter>Headers</Filter>
    </ClInclude>
    <ClInclude Include="GetPlayersInRoomResponse.hpp">
      <Filter>Headers\Responses</Filter>
    </ClInclude>
    <ClInclude Include="LoginManager.h">
      <Filter>Headers\Managers</Filter>
    </ClInclude>
    <ClInclude Include="RoomManager.h">
      <Filter>Headers\Managers</Filter>
    </ClInclude>
    <ClInclude Include="StatisticsManager.h">
      <Filter>Headers\Managers</Filter>
    </ClInclude>
    <ClInclude Include="SendPasswordResetCodeRequest.hpp">
      <Filter>Headers\Requests</Filter>
    </ClInclude>
    <ClInclude Include="SendPasswordResetCodeResponse.hpp">
      <Filter>Headers\Responses</Filter>
    </ClInclude>
    <ClInclude Include="JsonRequestPacketDeserializer.h">
      <Filter>Headers\Services</Filter>
    </ClInclude>
    <ClInclude Include="JsonResponsePacketSerializer.h">
      <Filter>Headers\Services</Filter>
    </ClInclude>
    <ClInclude Include="RegexValidator.h">
      <Filter>Headers\Services</Filter>
    </ClInclude>
    <ClInclude Include="EmailSender.hpp">
      <Filter>Headers\Services</Filter>
    </ClInclude>
    <ClInclude Include="ResetPasswordRequest.hpp">
      <Filter>Headers\Requests</Filter>
    </ClInclude>
    <ClInclude Include="MenuRequestHandler.h">
      <Filter>Headers\RequestHandlers</Filter>
    </ClInclude>
    <ClInclude Include="GetHighScoreRequest.hpp">
      <Filter>Headers\Requests</Filter>
    </ClInclude>
    <ClInclude Include="json.hpp">
      <Filter>libs</Filter>
    </ClInclude>
    <ClInclude Include="Question.hpp">
      <Filter>Headers\Model</Filter>
    </ClInclude>
    <ClInclude Include="RoomData.h">
      <Filter>Headers\Model</Filter>
    </ClInclude>
    <ClInclude Include="UserRecord.hpp">
      <Filter>Headers\Model</Filter>
    </ClInclude>
    <ClInclude Include="LoggedUser.h">
      <Filter>Headers</Filter>
    </ClInclude>
    <ClInclude Include="LoginResponse.hpp">
      <Filter>Headers\Responses</Filter>
    </ClInclude>
    <ClInclude Include="JoinRoomResponseStatus.h">
      <Filter>Headers\enum</Filter>
    </ClInclude>
    <ClInclude Include="SignupResponse.hpp">
      <Filter>Headers\Responses</Filter>
    </ClInclude>
    <ClInclude Include="ResetPasswordResponse.hpp">
      <Filter>Headers\Responses</Filter>
    </ClInclude>
    <ClInclude Include="GetPlayersInRoomRequest.hpp">
      <Filter>Headers\Requests</Filter>
    </ClInclude>
    <ClInclude Include="JoinRoomResponse.hpp">
      <Filter>Headers\Responses</Filter>
    </ClInclude>
    <ClInclude Include="LogoutResponse.hpp">
      <Filter>Headers\Responses</Filter>
    </ClInclude>
    <ClInclude Include="CreateRoomResponse.hpp">
      <Filter>Headers\Responses</Filter>
    </ClInclude>
    <ClInclude Include="SignupResponseErrors.hpp">
      <Filter>Headers\Model</Filter>
    </ClInclude>
    <ClInclude Include="ResetPasswordResponseErrors.hpp">
      <Filter>Headers\Model</Filter>
    </ClInclude>
    <ClInclude Include="LoginResponseErrors.hpp">
      <Filter>Headers\Model</Filter>
    </ClInclude>
    <ClInclude Include="CreateRoomResponseErrors.hpp">
      <Filter>Headers\Model</Filter>
    </ClInclude>
  </ItemGroup>
  <ItemGroup>
    <Filter Include="Headers">
      <UniqueIdentifier>{157f85bc-32a5-4e37-86b9-21595b3f5142}</UniqueIdentifier>
    </Filter>
    <Filter Include="Headers\Exceptions">
      <UniqueIdentifier>{329c988a-6124-4bdd-a625-25834b246730}</UniqueIdentifier>
    </Filter>
    <Filter Include="Headers\Responses">
      <UniqueIdentifier>{657137e1-0233-4c25-88b9-403657cc5236}</UniqueIdentifier>
    </Filter>
    <Filter Include="Headers\Requests">
      <UniqueIdentifier>{ed9b5a83-7b05-4247-b928-6bd92f6f9ab0}</UniqueIdentifier>
    </Filter>
    <Filter Include="Headers\RequestHandlers">
      <UniqueIdentifier>{e5b86cdc-037a-4dd7-b630-0249849c3556}</UniqueIdentifier>
    </Filter>
    <Filter Include="Headers\Database">
      <UniqueIdentifier>{c296c418-2067-4c50-b550-f5ed75bd6bcc}</UniqueIdentifier>
    </Filter>
    <Filter Include="Source">
      <UniqueIdentifier>{8589bacd-2888-478e-9c20-c8dc1fd05b67}</UniqueIdentifier>
    </Filter>
    <Filter Include="Headers\Managers">
      <UniqueIdentifier>{769cfbba-ca76-4844-8572-9ee08682f30e}</UniqueIdentifier>
    </Filter>
    <Filter Include="Headers\enum">
      <UniqueIdentifier>{d20d4376-e32f-4636-9eb4-fec99c015f15}</UniqueIdentifier>
    </Filter>
    <Filter Include="Headers\Services">
      <UniqueIdentifier>{e90db122-3e6e-4c58-90d6-b03ae2bedd6e}</UniqueIdentifier>
    </Filter>
    <Filter Include="libs">
      <UniqueIdentifier>{db41d9cd-9067-4d7b-bfb2-f6fed77b1a37}</UniqueIdentifier>
    </Filter>
    <Filter Include="Headers\Model">
      <UniqueIdentifier>{688382f4-cced-499d-8de5-534025945f22}</UniqueIdentifier>
    </Filter>
  </ItemGroup>
</Project>